
Microsoft Visual Studio Solution File, Format Version 12.00
# Visual Studio 15
VisualStudioVersion = 15.0.28307.329
MinimumVisualStudioVersion = 10.0.40219.1
Project("{FAE04EC0-301F-11D3-BF4B-00C04F79EFBC}") = "RanseiBeta", "RanseiBeta\RanseiBeta.csproj", "{15B65569-30F0-4671-9FB4-B0A8EFEA1599}"
EndProject
Global
	GlobalSection(SolutionConfigurationPlatforms) = preSolution
		Debug|Any CPU = Debug|Any CPU
		Release|Any CPU = Release|Any CPU
	EndGlobalSection
	GlobalSection(ProjectConfigurationPlatforms) = postSolution
		{15B65569-30F0-4671-9FB4-B0A8EFEA1599}.Debug|Any CPU.ActiveCfg = Debug|Any CPU
		{15B65569-30F0-4671-9FB4-B0A8EFEA1599}.Debug|Any CPU.Build.0 = Debug|Any CPU
		{15B65569-30F0-4671-9FB4-B0A8EFEA1599}.Release|Any CPU.ActiveCfg = Release|Any CPU
		{15B65569-30F0-4671-9FB4-B0A8EFEA1599}.Release|Any CPU.Build.0 = Release|Any CPU
	EndGlobalSection
	GlobalSection(SolutionProperties) = preSolution
		HideSolutionNode = FALSE
	EndGlobalSection
	GlobalSection(ExtensibilityGlobals) = postSolution
		SolutionGuid = {CF0CA558-8804-4E89-A1FF-794FDBA584C2}
	EndGlobalSection
EndGlobal
